
Microsoft Visual Studio Solution File, Format Version 12.00
# Visual Studio Version 17
VisualStudioVersion = 17.9.34607.119
MinimumVisualStudioVersion = 10.0.40219.1
Project("{FAE04EC0-301F-11D3-BF4B-00C04F79EFBC}") = "Task_5", "Task_5.csproj", "{D89C2A66-ADCE-4CEE-9EF2-C7BC95D1A5DA}"
EndProject
Global
	GlobalSection(SolutionConfigurationPlatforms) = preSolution
		Debug|Any CPU = Debug|Any CPU
		Release|Any CPU = Release|Any CPU
	EndGlobalSection
	GlobalSection(ProjectConfigurationPlatforms) = postSolution
		{D89C2A66-ADCE-4CEE-9EF2-C7BC95D1A5DA}.Debug|Any CPU.ActiveCfg = Debug|Any CPU
		{D89C2A66-ADCE-4CEE-9EF2-C7BC95D1A5DA}.Debug|Any CPU.Build.0 = Debug|Any CPU
		{D89C2A66-ADCE-4CEE-9EF2-C7BC95D1A5DA}.Release|Any CPU.ActiveCfg = Release|Any CPU
		{D89C2A66-ADCE-4CEE-9EF2-C7BC95D1A5DA}.Release|Any CPU.Build.0 = Release|Any CPU
	EndGlobalSection
	GlobalSection(SolutionProperties) = preSolution
		HideSolutionNode = FALSE
	EndGlobalSection
	GlobalSection(ExtensibilityGlobals) = postSolution
		SolutionGuid = {C1A7344D-D80F-4A08-BC72-1FA842779213}
	EndGlobalSection
EndGlobal
